// !$*UTF8*$!
{
	archiveVersion = 1;
	classes = {
	};
	objectVersion = 60;
	objects = {

/* Begin PBXBuildFile section */
		1798B1502EF9F1A00092A8AF /* AudioPlayerCoordinator.swift in Sources */ = {isa = PBXBuildFile; fileRef = 6FDC3A2602F914D000A1D9A1 /* AudioPlayerCoordinator.swift */; };
		1798B1512EF9F1A00092A8AF /* JobLoaderView.swift in Sources */ = {isa = PBXBuildFile; fileRef = 6FDC3A2102F914D000A1D9A1 /* JobLoaderView.swift */; };
		1798B1522EF9F1A00092A8AF /* APIClient.swift in Sources */ = {isa = PBXBuildFile; fileRef = 6FDC3A2502F914D000A1D9A1 /* APIClient.swift */; };
		1798B1532EF9F1A00092A8AF /* InteractivePlayerViewModel.swift in Sources */ = {isa = PBXBuildFile; fileRef = 6FDC3A2302F914D000A1D9A1 /* InteractivePlayerViewModel.swift */; };
		1798B1542EF9F1A00092A8AF /* InteractiveReaderApp.swift in Sources */ = {isa = PBXBuildFile; fileRef = 6FDC3A2002F914D000A1D9A1 /* InteractiveReaderApp.swift */; };
		1798B1552EF9F1A00092A8AF /* AppState.swift in Sources */ = {isa = PBXBuildFile; fileRef = 047AC4516AF7484BA731CF4E /* AppState.swift */; };
		1798B1562EF9F1A00092A8AF /* RootView.swift in Sources */ = {isa = PBXBuildFile; fileRef = 9C52CBAA7D2D4EEA82595A11 /* RootView.swift */; };
		1798B1572EF9F1A00092A8AF /* LoginView.swift in Sources */ = {isa = PBXBuildFile; fileRef = 5CA622A841D84F91B133AFCB /* LoginView.swift */; };
		1798B1582EF9F1A00092A8AF /* LoginViewModel.swift in Sources */ = {isa = PBXBuildFile; fileRef = C9A55CB165B3497CB0EF8A7D /* LoginViewModel.swift */; };
		1798B1592EF9F1A00092A8AF /* LibraryShellView.swift in Sources */ = {isa = PBXBuildFile; fileRef = EACAFCD435FB4D46926CB3F5 /* LibraryShellView.swift */; };
		1798B15A2EF9F1A00092A8AF /* LibraryView.swift in Sources */ = {isa = PBXBuildFile; fileRef = F0090F34EFAD42D0BD98A51D /* LibraryView.swift */; };
		1798B15B2EF9F1A00092A8AF /* LibraryViewModel.swift in Sources */ = {isa = PBXBuildFile; fileRef = 73A95624331046EE991E094F /* LibraryViewModel.swift */; };
		1798B15C2EF9F1A00092A8AF /* LibraryRowView.swift in Sources */ = {isa = PBXBuildFile; fileRef = 11376CDF07724238B0949959 /* LibraryRowView.swift */; };
		1798B15D2EF9F1A00092A8AF /* LibraryPlaybackView.swift in Sources */ = {isa = PBXBuildFile; fileRef = 59436E996D4F461495E34AD4 /* LibraryPlaybackView.swift */; };
		1798B15E2EF9F1A00092A8AF /* VideoPlayerView.swift in Sources */ = {isa = PBXBuildFile; fileRef = E6BC125536804A63B0BD4619 /* VideoPlayerView.swift */; };
		1798B15F2EF9F1A00092A8AF /* SubtitleOverlayView.swift in Sources */ = {isa = PBXBuildFile; fileRef = 61EDAE75211A49A18DC32515 /* SubtitleOverlayView.swift */; };
		1798B1602EF9F1A00092A8AF /* NowPlayingCoordinator.swift in Sources */ = {isa = PBXBuildFile; fileRef = 9DA71448DFFD40C7929AE6AF /* NowPlayingCoordinator.swift */; };
		1798B1612EF9F1A00092A8AF /* VideoPlayerCoordinator.swift in Sources */ = {isa = PBXBuildFile; fileRef = CC2B612A42FC410590D84E0A /* VideoPlayerCoordinator.swift */; };
		1798B1622EF9F1A00092A8AF /* MediaURLResolver.swift in Sources */ = {isa = PBXBuildFile; fileRef = B44D6C5028734F099599CFC6 /* MediaURLResolver.swift */; };
		1798B1632EF9F1A00092A8AF /* SubtitleParser.swift in Sources */ = {isa = PBXBuildFile; fileRef = 11B853B91F6A48DCA58660A7 /* SubtitleParser.swift */; };
		1798B1642EF9F1A00092A8AF /* StorageResolver.swift in Sources */ = {isa = PBXBuildFile; fileRef = 6FDC3A2702F914D000A1D9A1 /* StorageResolver.swift */; };
		1798B1652EF9F1A00092A8AF /* InteractivePlayerView.swift in Sources */ = {isa = PBXBuildFile; fileRef = 6FDC3A2202F914D000A1D9A1 /* InteractivePlayerView.swift */; };
		1798B1662EF9F1A00092A8AF /* ApiModels.swift in Sources */ = {isa = PBXBuildFile; fileRef = 6FDC3A2402F914D000A1D9A1 /* ApiModels.swift */; };
		1798B1672EF9F1A00092A8AF /* String+Extras.swift in Sources */ = {isa = PBXBuildFile; fileRef = 6FDC3A2802F914D000A1D9A1 /* String+Extras.swift */; };
		1798B1682EF9F1A00092A8AF /* Preview Assets.xcassets in Resources */ = {isa = PBXBuildFile; fileRef = 6FDC3A2A02F914D000A1D9A1 /* Preview Assets.xcassets */; };
		1798B1692EF9F1A00092A8AF /* Assets-tvOS.xcassets in Resources */ = {isa = PBXBuildFile; fileRef = F3C1A2B4D5E6F7A8B9C0D210 /* Assets-tvOS.xcassets */; };
		1798B16B2EFA07720092A8AF /* PlatformGroupBox.swift in Sources */ = {isa = PBXBuildFile; fileRef = 1798B16A2EFA07720092A8AF /* PlatformGroupBox.swift */; };
		1798B16C2EFA07720092A8AF /* PlatformGroupBox.swift in Sources */ = {isa = PBXBuildFile; fileRef = 1798B16A2EFA07720092A8AF /* PlatformGroupBox.swift */; };
		1E995D494DBD48DC88CD5FCB /* LoginViewModel.swift in Sources */ = {isa = PBXBuildFile; fileRef = C9A55CB165B3497CB0EF8A7D /* LoginViewModel.swift */; };
		274889EEFEFC4A7EAB66B3D9 /* LibraryViewModel.swift in Sources */ = {isa = PBXBuildFile; fileRef = 73A95624331046EE991E094F /* LibraryViewModel.swift */; };
		2CB5F4FB2432438F9366E006 /* SubtitleParser.swift in Sources */ = {isa = PBXBuildFile; fileRef = 11B853B91F6A48DCA58660A7 /* SubtitleParser.swift */; };
		33F2C40709904BACAA2E5070 /* AppState.swift in Sources */ = {isa = PBXBuildFile; fileRef = 047AC4516AF7484BA731CF4E /* AppState.swift */; };
		3F472EF5C5D94254BB3EBC46 /* LoginView.swift in Sources */ = {isa = PBXBuildFile; fileRef = 5CA622A841D84F91B133AFCB /* LoginView.swift */; };
		4E9A28EAACDA4C5FAC653CBF /* SubtitleOverlayView.swift in Sources */ = {isa = PBXBuildFile; fileRef = 61EDAE75211A49A18DC32515 /* SubtitleOverlayView.swift */; };
		533B070A4B9041978D07C7A1 /* LibraryRowView.swift in Sources */ = {isa = PBXBuildFile; fileRef = 11376CDF07724238B0949959 /* LibraryRowView.swift */; };
		6FDC3A3002F914D000A1D9A1 /* InteractiveReaderApp.swift in Sources */ = {isa = PBXBuildFile; fileRef = 6FDC3A2002F914D000A1D9A1 /* InteractiveReaderApp.swift */; };
		6FDC3A3102F914D000A1D9A1 /* JobLoaderView.swift in Sources */ = {isa = PBXBuildFile; fileRef = 6FDC3A2102F914D000A1D9A1 /* JobLoaderView.swift */; };
		6FDC3A3202F914D000A1D9A1 /* InteractivePlayerView.swift in Sources */ = {isa = PBXBuildFile; fileRef = 6FDC3A2202F914D000A1D9A1 /* InteractivePlayerView.swift */; };
		6FDC3A3302F914D000A1D9A1 /* InteractivePlayerViewModel.swift in Sources */ = {isa = PBXBuildFile; fileRef = 6FDC3A2302F914D000A1D9A1 /* InteractivePlayerViewModel.swift */; };
		6FDC3A3402F914D000A1D9A1 /* ApiModels.swift in Sources */ = {isa = PBXBuildFile; fileRef = 6FDC3A2402F914D000A1D9A1 /* ApiModels.swift */; };
		6FDC3A3502F914D000A1D9A1 /* APIClient.swift in Sources */ = {isa = PBXBuildFile; fileRef = 6FDC3A2502F914D000A1D9A1 /* APIClient.swift */; };
		6FDC3A3602F914D000A1D9A1 /* AudioPlayerCoordinator.swift in Sources */ = {isa = PBXBuildFile; fileRef = 6FDC3A2602F914D000A1D9A1 /* AudioPlayerCoordinator.swift */; };
		6FDC3A3702F914D000A1D9A1 /* StorageResolver.swift in Sources */ = {isa = PBXBuildFile; fileRef = 6FDC3A2702F914D000A1D9A1 /* StorageResolver.swift */; };
		6FDC3A3802F914D000A1D9A1 /* String+Extras.swift in Sources */ = {isa = PBXBuildFile; fileRef = 6FDC3A2802F914D000A1D9A1 /* String+Extras.swift */; };
		6FDC3A3902F914D000A1D9A1 /* Assets-iOS.xcassets in Resources */ = {isa = PBXBuildFile; fileRef = 6FDC3A2902F914D000A1D9A1 /* Assets-iOS.xcassets */; };
		6FDC3A3A02F914D000A1D9A1 /* Preview Assets.xcassets in Resources */ = {isa = PBXBuildFile; fileRef = 6FDC3A2A02F914D000A1D9A1 /* Preview Assets.xcassets */; };
		8E98B03FD5094BDD99935269 /* NowPlayingCoordinator.swift in Sources */ = {isa = PBXBuildFile; fileRef = 9DA71448DFFD40C7929AE6AF /* NowPlayingCoordinator.swift */; };
		9217A4BA1C534A748FADF81B /* MediaURLResolver.swift in Sources */ = {isa = PBXBuildFile; fileRef = B44D6C5028734F099599CFC6 /* MediaURLResolver.swift */; };
		A5B6C7D8E9F0123456789A12 /* PlaybackResumeStore.swift in Sources */ = {isa = PBXBuildFile; fileRef = A5B6C7D8E9F0123456789A10 /* PlaybackResumeStore.swift */; };
		A5B6C7D8E9F0123456789A13 /* PlaybackResumeStore.swift in Sources */ = {isa = PBXBuildFile; fileRef = A5B6C7D8E9F0123456789A10 /* PlaybackResumeStore.swift */; };
		A860F02F70BE44A5B779EE50 /* LibraryShellView.swift in Sources */ = {isa = PBXBuildFile; fileRef = EACAFCD435FB4D46926CB3F5 /* LibraryShellView.swift */; };
		B643F5DE4A944A73AA8E986E /* VideoPlayerCoordinator.swift in Sources */ = {isa = PBXBuildFile; fileRef = CC2B612A42FC410590D84E0A /* VideoPlayerCoordinator.swift */; };
		C0A1B2C3D4E5F60718293A4C /* PlayerChannelBugView.swift in Sources */ = {isa = PBXBuildFile; fileRef = C0A1B2C3D4E5F60718293A4B /* PlayerChannelBugView.swift */; };
		C0A1B2C3D4E5F60718293A4D /* PlayerChannelBugView.swift in Sources */ = {isa = PBXBuildFile; fileRef = C0A1B2C3D4E5F60718293A4B /* PlayerChannelBugView.swift */; };
		C4071804A8944B53824E2B45 /* TextPlayerTimeline.swift in Sources */ = {isa = PBXBuildFile; fileRef = B5E9902ED51249ED8DD110B9 /* TextPlayerTimeline.swift */; };
		C8D9E0F1A2B3C4D5E6F70821 /* JobsViewModel.swift in Sources */ = {isa = PBXBuildFile; fileRef = C8D9E0F1A2B3C4D5E6F70801 /* JobsViewModel.swift */; };
		C8D9E0F1A2B3C4D5E6F70822 /* JobsView.swift in Sources */ = {isa = PBXBuildFile; fileRef = C8D9E0F1A2B3C4D5E6F70802 /* JobsView.swift */; };
		C8D9E0F1A2B3C4D5E6F70823 /* JobRowView.swift in Sources */ = {isa = PBXBuildFile; fileRef = C8D9E0F1A2B3C4D5E6F70803 /* JobRowView.swift */; };
		C8D9E0F1A2B3C4D5E6F70824 /* JobPlaybackView.swift in Sources */ = {isa = PBXBuildFile; fileRef = C8D9E0F1A2B3C4D5E6F70804 /* JobPlaybackView.swift */; };
		C8D9E0F1A2B3C4D5E6F70825 /* JSONValue+Helpers.swift in Sources */ = {isa = PBXBuildFile; fileRef = C8D9E0F1A2B3C4D5E6F70805 /* JSONValue+Helpers.swift */; };
		C8D9E0F1A2B3C4D5E6F70826 /* PipelineJobStatus+Helpers.swift in Sources */ = {isa = PBXBuildFile; fileRef = C8D9E0F1A2B3C4D5E6F70806 /* PipelineJobStatus+Helpers.swift */; };
		C8D9E0F1A2B3C4D5E6F70831 /* JobsViewModel.swift in Sources */ = {isa = PBXBuildFile; fileRef = C8D9E0F1A2B3C4D5E6F70801 /* JobsViewModel.swift */; };
		C8D9E0F1A2B3C4D5E6F70832 /* JobsView.swift in Sources */ = {isa = PBXBuildFile; fileRef = C8D9E0F1A2B3C4D5E6F70802 /* JobsView.swift */; };
		C8D9E0F1A2B3C4D5E6F70833 /* JobRowView.swift in Sources */ = {isa = PBXBuildFile; fileRef = C8D9E0F1A2B3C4D5E6F70803 /* JobRowView.swift */; };
		C8D9E0F1A2B3C4D5E6F70834 /* JobPlaybackView.swift in Sources */ = {isa = PBXBuildFile; fileRef = C8D9E0F1A2B3C4D5E6F70804 /* JobPlaybackView.swift */; };
		C8D9E0F1A2B3C4D5E6F70835 /* JSONValue+Helpers.swift in Sources */ = {isa = PBXBuildFile; fileRef = C8D9E0F1A2B3C4D5E6F70805 /* JSONValue+Helpers.swift */; };
		C8D9E0F1A2B3C4D5E6F70836 /* PipelineJobStatus+Helpers.swift in Sources */ = {isa = PBXBuildFile; fileRef = C8D9E0F1A2B3C4D5E6F70806 /* PipelineJobStatus+Helpers.swift */; };
		D079469EF5C746E3929B197D /* VideoPlayerView.swift in Sources */ = {isa = PBXBuildFile; fileRef = E6BC125536804A63B0BD4619 /* VideoPlayerView.swift */; };
		D6CA6C00E95343CEAD94AEE8 /* RootView.swift in Sources */ = {isa = PBXBuildFile; fileRef = 9C52CBAA7D2D4EEA82595A11 /* RootView.swift */; };
		E6902EDD69D94B3B85BA16D2 /* LibraryPlaybackView.swift in Sources */ = {isa = PBXBuildFile; fileRef = 59436E996D4F461495E34AD4 /* LibraryPlaybackView.swift */; };
		ED1E894786624B1EAF5ADB8F /* LibraryView.swift in Sources */ = {isa = PBXBuildFile; fileRef = F0090F34EFAD42D0BD98A51D /* LibraryView.swift */; };
		F0E83C6F391E4B33886B6788 /* TextPlayerTimeline.swift in Sources */ = {isa = PBXBuildFile; fileRef = B5E9902ED51249ED8DD110B9 /* TextPlayerTimeline.swift */; };
		F3C1A2B4D5E6F7A8B9C0D1E3 /* Color+Hex.swift in Sources */ = {isa = PBXBuildFile; fileRef = F3C1A2B4D5E6F7A8B9C0D1E2 /* Color+Hex.swift */; };
		F3C1A2B4D5E6F7A8B9C0D1E4 /* Color+Hex.swift in Sources */ = {isa = PBXBuildFile; fileRef = F3C1A2B4D5E6F7A8B9C0D1E2 /* Color+Hex.swift */; };
		F3C1A2B4D5E6F7A8B9C0D1E7 /* SubtitleVisibility.swift in Sources */ = {isa = PBXBuildFile; fileRef = F3C1A2B4D5E6F7A8B9C0D1E6 /* SubtitleVisibility.swift */; };
		F3C1A2B4D5E6F7A8B9C0D1E8 /* SubtitleVisibility.swift in Sources */ = {isa = PBXBuildFile; fileRef = F3C1A2B4D5E6F7A8B9C0D1E6 /* SubtitleVisibility.swift */; };
/* End PBXBuildFile section */

/* Begin PBXFileReference section */
		047AC4516AF7484BA731CF4E /* AppState.swift */ = {isa = PBXFileReference; lastKnownFileType = sourcecode.swift; path = AppState.swift; sourceTree = "<group>"; };
		11376CDF07724238B0949959 /* LibraryRowView.swift */ = {isa = PBXFileReference; lastKnownFileType = sourcecode.swift; path = LibraryRowView.swift; sourceTree = "<group>"; };
		11B853B91F6A48DCA58660A7 /* SubtitleParser.swift */ = {isa = PBXFileReference; lastKnownFileType = sourcecode.swift; path = SubtitleParser.swift; sourceTree = "<group>"; };
		1798B16A2EFA07720092A8AF /* PlatformGroupBox.swift */ = {isa = PBXFileReference; lastKnownFileType = sourcecode.swift; path = PlatformGroupBox.swift; sourceTree = "<group>"; };
		59436E996D4F461495E34AD4 /* LibraryPlaybackView.swift */ = {isa = PBXFileReference; lastKnownFileType = sourcecode.swift; path = LibraryPlaybackView.swift; sourceTree = "<group>"; };
		5CA622A841D84F91B133AFCB /* LoginView.swift */ = {isa = PBXFileReference; lastKnownFileType = sourcecode.swift; path = LoginView.swift; sourceTree = "<group>"; };
		61EDAE75211A49A18DC32515 /* SubtitleOverlayView.swift */ = {isa = PBXFileReference; lastKnownFileType = sourcecode.swift; path = SubtitleOverlayView.swift; sourceTree = "<group>"; };
		685C091564D94AC4B550BDBB /* InteractiveReaderTV.app */ = {isa = PBXFileReference; explicitFileType = wrapper.application; includeInIndex = 0; path = InteractiveReaderTV.app; sourceTree = BUILT_PRODUCTS_DIR; };
		6FDC3A0F02F914D000A1D9A1 /* InteractiveReader.app */ = {isa = PBXFileReference; explicitFileType = wrapper.application; includeInIndex = 0; path = InteractiveReader.app; sourceTree = BUILT_PRODUCTS_DIR; };
		6FDC3A2002F914D000A1D9A1 /* InteractiveReaderApp.swift */ = {isa = PBXFileReference; lastKnownFileType = sourcecode.swift; path = InteractiveReaderApp.swift; sourceTree = "<group>"; };
		6FDC3A2102F914D000A1D9A1 /* JobLoaderView.swift */ = {isa = PBXFileReference; lastKnownFileType = sourcecode.swift; path = JobLoaderView.swift; sourceTree = "<group>"; };
		6FDC3A2202F914D000A1D9A1 /* InteractivePlayerView.swift */ = {isa = PBXFileReference; lastKnownFileType = sourcecode.swift; path = InteractivePlayerView.swift; sourceTree = "<group>"; };
		6FDC3A2302F914D000A1D9A1 /* InteractivePlayerViewModel.swift */ = {isa = PBXFileReference; lastKnownFileType = sourcecode.swift; path = InteractivePlayerViewModel.swift; sourceTree = "<group>"; };
		6FDC3A2402F914D000A1D9A1 /* ApiModels.swift */ = {isa = PBXFileReference; lastKnownFileType = sourcecode.swift; path = ApiModels.swift; sourceTree = "<group>"; };
		6FDC3A2502F914D000A1D9A1 /* APIClient.swift */ = {isa = PBXFileReference; lastKnownFileType = sourcecode.swift; path = APIClient.swift; sourceTree = "<group>"; };
		6FDC3A2602F914D000A1D9A1 /* AudioPlayerCoordinator.swift */ = {isa = PBXFileReference; lastKnownFileType = sourcecode.swift; path = AudioPlayerCoordinator.swift; sourceTree = "<group>"; };
		6FDC3A2702F914D000A1D9A1 /* StorageResolver.swift */ = {isa = PBXFileReference; lastKnownFileType = sourcecode.swift; path = StorageResolver.swift; sourceTree = "<group>"; };
		6FDC3A2802F914D000A1D9A1 /* String+Extras.swift */ = {isa = PBXFileReference; lastKnownFileType = sourcecode.swift; path = "String+Extras.swift"; sourceTree = "<group>"; };
		6FDC3A2902F914D000A1D9A1 /* Assets-iOS.xcassets */ = {isa = PBXFileReference; lastKnownFileType = folder.assetcatalog; path = "Assets-iOS.xcassets"; sourceTree = "<group>"; };
		6FDC3A2A02F914D000A1D9A1 /* Preview Assets.xcassets */ = {isa = PBXFileReference; lastKnownFileType = folder.assetcatalog; path = "Preview Assets.xcassets"; sourceTree = "<group>"; };
		6FDC3A2B02F914D000A1D9A1 /* Info.plist */ = {isa = PBXFileReference; lastKnownFileType = text.plist.xml; path = Info.plist; sourceTree = "<group>"; };
		73A95624331046EE991E094F /* LibraryViewModel.swift */ = {isa = PBXFileReference; lastKnownFileType = sourcecode.swift; path = LibraryViewModel.swift; sourceTree = "<group>"; };
		9C52CBAA7D2D4EEA82595A11 /* RootView.swift */ = {isa = PBXFileReference; lastKnownFileType = sourcecode.swift; path = RootView.swift; sourceTree = "<group>"; };
		9DA71448DFFD40C7929AE6AF /* NowPlayingCoordinator.swift */ = {isa = PBXFileReference; lastKnownFileType = sourcecode.swift; path = NowPlayingCoordinator.swift; sourceTree = "<group>"; };
		A5B6C7D8E9F0123456789A10 /* PlaybackResumeStore.swift */ = {isa = PBXFileReference; lastKnownFileType = sourcecode.swift; path = PlaybackResumeStore.swift; sourceTree = "<group>"; };
		A5B6C7D8E9F0123456789A11 /* InteractiveReader.entitlements */ = {isa = PBXFileReference; lastKnownFileType = text.plist.entitlements; path = InteractiveReader.entitlements; sourceTree = "<group>"; };
		B44D6C5028734F099599CFC6 /* MediaURLResolver.swift */ = {isa = PBXFileReference; lastKnownFileType = sourcecode.swift; path = MediaURLResolver.swift; sourceTree = "<group>"; };
		B5E9902ED51249ED8DD110B9 /* TextPlayerTimeline.swift */ = {isa = PBXFileReference; lastKnownFileType = sourcecode.swift; path = TextPlayerTimeline.swift; sourceTree = "<group>"; };
		C0A1B2C3D4E5F60718293A4B /* PlayerChannelBugView.swift */ = {isa = PBXFileReference; lastKnownFileType = sourcecode.swift; path = PlayerChannelBugView.swift; sourceTree = "<group>"; };
		C8D9E0F1A2B3C4D5E6F70801 /* JobsViewModel.swift */ = {isa = PBXFileReference; lastKnownFileType = sourcecode.swift; path = JobsViewModel.swift; sourceTree = "<group>"; };
		C8D9E0F1A2B3C4D5E6F70802 /* JobsView.swift */ = {isa = PBXFileReference; lastKnownFileType = sourcecode.swift; path = JobsView.swift; sourceTree = "<group>"; };
		C8D9E0F1A2B3C4D5E6F70803 /* JobRowView.swift */ = {isa = PBXFileReference; lastKnownFileType = sourcecode.swift; path = JobRowView.swift; sourceTree = "<group>"; };
		C8D9E0F1A2B3C4D5E6F70804 /* JobPlaybackView.swift */ = {isa = PBXFileReference; lastKnownFileType = sourcecode.swift; path = JobPlaybackView.swift; sourceTree = "<group>"; };
		C8D9E0F1A2B3C4D5E6F70805 /* JSONValue+Helpers.swift */ = {isa = PBXFileReference; lastKnownFileType = sourcecode.swift; path = "JSONValue+Helpers.swift"; sourceTree = "<group>"; };
		C8D9E0F1A2B3C4D5E6F70806 /* PipelineJobStatus+Helpers.swift */ = {isa = PBXFileReference; lastKnownFileType = sourcecode.swift; path = "PipelineJobStatus+Helpers.swift"; sourceTree = "<group>"; };
		C9A55CB165B3497CB0EF8A7D /* LoginViewModel.swift */ = {isa = PBXFileReference; lastKnownFileType = sourcecode.swift; path = LoginViewModel.swift; sourceTree = "<group>"; };
		CC2B612A42FC410590D84E0A /* VideoPlayerCoordinator.swift */ = {isa = PBXFileReference; lastKnownFileType = sourcecode.swift; path = VideoPlayerCoordinator.swift; sourceTree = "<group>"; };
		E6BC125536804A63B0BD4619 /* VideoPlayerView.swift */ = {isa = PBXFileReference; lastKnownFileType = sourcecode.swift; path = VideoPlayerView.swift; sourceTree = "<group>"; };
		EACAFCD435FB4D46926CB3F5 /* LibraryShellView.swift */ = {isa = PBXFileReference; lastKnownFileType = sourcecode.swift; path = LibraryShellView.swift; sourceTree = "<group>"; };
		F0090F34EFAD42D0BD98A51D /* LibraryView.swift */ = {isa = PBXFileReference; lastKnownFileType = sourcecode.swift; path = LibraryView.swift; sourceTree = "<group>"; };
		F3C1A2B4D5E6F7A8B9C0D1E2 /* Color+Hex.swift */ = {isa = PBXFileReference; lastKnownFileType = sourcecode.swift; path = "Color+Hex.swift"; sourceTree = "<group>"; };
		F3C1A2B4D5E6F7A8B9C0D1E6 /* SubtitleVisibility.swift */ = {isa = PBXFileReference; lastKnownFileType = sourcecode.swift; path = SubtitleVisibility.swift; sourceTree = "<group>"; };
		F3C1A2B4D5E6F7A8B9C0D210 /* Assets-tvOS.xcassets */ = {isa = PBXFileReference; lastKnownFileType = folder.assetcatalog; path = "Assets-tvOS.xcassets"; sourceTree = "<group>"; };
		FF4AB40AF77346D8BFBD4677 /* Info-tvOS.plist */ = {isa = PBXFileReference; lastKnownFileType = text.plist.xml; path = "Info-tvOS.plist"; sourceTree = "<group>"; };
/* End PBXFileReference section */

/* Begin PBXFrameworksBuildPhase section */
		30B9FE142F2C474683E58967 /* Frameworks */ = {
			isa = PBXFrameworksBuildPhase;
			buildActionMask = 2147483647;
			files = (
			);
			runOnlyForDeploymentPostprocessing = 0;
		};
		6FDC3A122F914D000A1D9A1 /* Frameworks */ = {
			isa = PBXFrameworksBuildPhase;
			buildActionMask = 2147483647;
			files = (
			);
			runOnlyForDeploymentPostprocessing = 0;
		};
/* End PBXFrameworksBuildPhase section */

/* Begin PBXGroup section */
		1B35D2C80F014B58809F6996 /* Auth */ = {
			isa = PBXGroup;
			children = (
				5CA622A841D84F91B133AFCB /* LoginView.swift */,
				C9A55CB165B3497CB0EF8A7D /* LoginViewModel.swift */,
				1798B16A2EFA07720092A8AF /* PlatformGroupBox.swift */,
			);
			path = Auth;
			sourceTree = "<group>";
		};
		1BC179E753F14AFCA4C06B67 /* Library */ = {
			isa = PBXGroup;
			children = (
				EACAFCD435FB4D46926CB3F5 /* LibraryShellView.swift */,
				F0090F34EFAD42D0BD98A51D /* LibraryView.swift */,
				73A95624331046EE991E094F /* LibraryViewModel.swift */,
				11376CDF07724238B0949959 /* LibraryRowView.swift */,
			);
			path = Library;
			sourceTree = "<group>";
		};
		399FA7B84B6D428481E553DB /* Playback */ = {
			isa = PBXGroup;
			children = (
				59436E996D4F461495E34AD4 /* LibraryPlaybackView.swift */,
				C8D9E0F1A2B3C4D5E6F70804 /* JobPlaybackView.swift */,
				E6BC125536804A63B0BD4619 /* VideoPlayerView.swift */,
				61EDAE75211A49A18DC32515 /* SubtitleOverlayView.swift */,
				F3C1A2B4D5E6F7A8B9C0D1E6 /* SubtitleVisibility.swift */,
			);
			path = Playback;
			sourceTree = "<group>";
		};
		6FDC3A012F914D000A1D9A1 = {
			isa = PBXGroup;
			children = (
				6FDC3A032F914D000A1D9A1 /* InteractiveReader */,
				6FDC3A022F914D000A1D9A1 /* Products */,
			);
			sourceTree = "<group>";
		};
		6FDC3A022F914D000A1D9A1 /* Products */ = {
			isa = PBXGroup;
			children = (
				6FDC3A0F02F914D000A1D9A1 /* InteractiveReader.app */,
				685C091564D94AC4B550BDBB /* InteractiveReaderTV.app */,
			);
			name = Products;
			sourceTree = "<group>";
		};
		6FDC3A032F914D000A1D9A1 /* InteractiveReader */ = {
			isa = PBXGroup;
			children = (
				6FDC3A042F914D000A1D9A1 /* App */,
				6FDC3A052F914D000A1D9A1 /* Features */,
				6FDC3A082F914D000A1D9A1 /* Models */,
				6FDC3A092F914D000A1D9A1 /* Services */,
				6FDC3A0A2F914D000A1D9A1 /* Utilities */,
				6FDC3A0B2F914D000A1D9A1 /* Resources */,
			);
			path = InteractiveReader;
			sourceTree = "<group>";
		};
		6FDC3A042F914D000A1D9A1 /* App */ = {
			isa = PBXGroup;
			children = (
				6FDC3A2002F914D000A1D9A1 /* InteractiveReaderApp.swift */,
				047AC4516AF7484BA731CF4E /* AppState.swift */,
				9C52CBAA7D2D4EEA82595A11 /* RootView.swift */,
			);
			path = App;
			sourceTree = "<group>";
		};
		6FDC3A052F914D000A1D9A1 /* Features */ = {
			isa = PBXGroup;
			children = (
				6FDC3A062F914D000A1D9A1 /* JobLoader */,
				6FDC3A072F914D000A1D9A1 /* InteractivePlayer */,
				C0A1B2C3D4E5F60718293A4E /* Shared */,
				1B35D2C80F014B58809F6996 /* Auth */,
				1BC179E753F14AFCA4C06B67 /* Library */,
				C8D9E0F1A2B3C4D5E6F70810 /* Jobs */,
				399FA7B84B6D428481E553DB /* Playback */,
			);
			path = Features;
			sourceTree = "<group>";
		};
		6FDC3A062F914D000A1D9A1 /* JobLoader */ = {
			isa = PBXGroup;
			children = (
				6FDC3A2102F914D000A1D9A1 /* JobLoaderView.swift */,
			);
			path = JobLoader;
			sourceTree = "<group>";
		};
		6FDC3A072F914D000A1D9A1 /* InteractivePlayer */ = {
			isa = PBXGroup;
			children = (
				6FDC3A2202F914D000A1D9A1 /* InteractivePlayerView.swift */,
				6FDC3A2302F914D000A1D9A1 /* InteractivePlayerViewModel.swift */,
				B5E9902ED51249ED8DD110B9 /* TextPlayerTimeline.swift */,
			);
			path = InteractivePlayer;
			sourceTree = "<group>";
		};
		6FDC3A082F914D000A1D9A1 /* Models */ = {
			isa = PBXGroup;
			children = (
				6FDC3A2402F914D000A1D9A1 /* ApiModels.swift */,
			);
			path = Models;
			sourceTree = "<group>";
		};
		6FDC3A092F914D000A1D9A1 /* Services */ = {
			isa = PBXGroup;
			children = (
				6FDC3A2502F914D000A1D9A1 /* APIClient.swift */,
				6FDC3A2602F914D000A1D9A1 /* AudioPlayerCoordinator.swift */,
				A5B6C7D8E9F0123456789A10 /* PlaybackResumeStore.swift */,
				9DA71448DFFD40C7929AE6AF /* NowPlayingCoordinator.swift */,
				CC2B612A42FC410590D84E0A /* VideoPlayerCoordinator.swift */,
			);
			path = Services;
			sourceTree = "<group>";
		};
		6FDC3A0A2F914D000A1D9A1 /* Utilities */ = {
			isa = PBXGroup;
			children = (
				6FDC3A2702F914D000A1D9A1 /* StorageResolver.swift */,
				6FDC3A2802F914D000A1D9A1 /* String+Extras.swift */,
				F3C1A2B4D5E6F7A8B9C0D1E2 /* Color+Hex.swift */,
				B44D6C5028734F099599CFC6 /* MediaURLResolver.swift */,
				C8D9E0F1A2B3C4D5E6F70805 /* JSONValue+Helpers.swift */,
				C8D9E0F1A2B3C4D5E6F70806 /* PipelineJobStatus+Helpers.swift */,
				11B853B91F6A48DCA58660A7 /* SubtitleParser.swift */,
			);
			path = Utilities;
			sourceTree = "<group>";
		};
		6FDC3A0B2F914D000A1D9A1 /* Resources */ = {
			isa = PBXGroup;
			children = (
				6FDC3A2902F914D000A1D9A1 /* Assets-iOS.xcassets */,
				F3C1A2B4D5E6F7A8B9C0D210 /* Assets-tvOS.xcassets */,
				6FDC3A0D2F914D000A1D9A1 /* Preview Content */,
				6FDC3A0E2F914D000A1D9A1 /* Supporting */,
			);
			path = Resources;
			sourceTree = "<group>";
		};
		6FDC3A0D2F914D000A1D9A1 /* Preview Content */ = {
			isa = PBXGroup;
			children = (
				6FDC3A2A02F914D000A1D9A1 /* Preview Assets.xcassets */,
			);
			path = "Preview Content";
			sourceTree = "<group>";
		};
		6FDC3A0E2F914D000A1D9A1 /* Supporting */ = {
			isa = PBXGroup;
			children = (
				6FDC3A2B02F914D000A1D9A1 /* Info.plist */,
				FF4AB40AF77346D8BFBD4677 /* Info-tvOS.plist */,
				A5B6C7D8E9F0123456789A11 /* InteractiveReader.entitlements */,
			);
			path = Supporting;
			sourceTree = "<group>";
		};
		C0A1B2C3D4E5F60718293A4E /* Shared */ = {
			isa = PBXGroup;
			children = (
				C0A1B2C3D4E5F60718293A4B /* PlayerChannelBugView.swift */,
			);
			path = Shared;
			sourceTree = "<group>";
		};
		C8D9E0F1A2B3C4D5E6F70810 /* Jobs */ = {
			isa = PBXGroup;
			children = (
				C8D9E0F1A2B3C4D5E6F70802 /* JobsView.swift */,
				C8D9E0F1A2B3C4D5E6F70801 /* JobsViewModel.swift */,
				C8D9E0F1A2B3C4D5E6F70803 /* JobRowView.swift */,
			);
			path = Jobs;
			sourceTree = "<group>";
		};
/* End PBXGroup section */

/* Begin PBXNativeTarget section */
		5FBFACE368BC4A83A49DBC15 /* InteractiveReaderTV */ = {
			isa = PBXNativeTarget;
			buildConfigurationList = E63B23927EDF440AAC5B54F8 /* Build configuration list for PBXNativeTarget "InteractiveReaderTV" */;
			buildPhases = (
				CBE58951F4AB41F8BEA08E64 /* Sources */,
				30B9FE142F2C474683E58967 /* Frameworks */,
				7E37B4046D1B4F6BAE8EF948 /* Resources */,
			);
			buildRules = (
			);
			dependencies = (
			);
			name = InteractiveReaderTV;
			productName = InteractiveReaderTV;
			productReference = 685C091564D94AC4B550BDBB /* InteractiveReaderTV.app */;
			productType = "com.apple.product-type.application";
		};
		6FDC3A102F914D000A1D9A1 /* InteractiveReader */ = {
			isa = PBXNativeTarget;
			buildConfigurationList = 6FDC3A192F914D000A1D9A1 /* Build configuration list for PBXNativeTarget "InteractiveReader" */;
			buildPhases = (
				6FDC3A112F914D000A1D9A1 /* Sources */,
				6FDC3A122F914D000A1D9A1 /* Frameworks */,
				6FDC3A132F914D000A1D9A1 /* Resources */,
			);
			buildRules = (
			);
			dependencies = (
			);
			name = InteractiveReader;
			productName = InteractiveReader;
			productReference = 6FDC3A0F02F914D000A1D9A1 /* InteractiveReader.app */;
			productType = "com.apple.product-type.application";
		};
/* End PBXNativeTarget section */

/* Begin PBXProject section */
		6FDC3A002F914D000A1D9A1 /* Project object */ = {
			isa = PBXProject;
			attributes = {
				BuildIndependentTargetsInParallel = YES;
				LastSwiftUpdateCheck = 1500;
				LastUpgradeCheck = 2620;
				ORGANIZATIONNAME = "ebook-tools";
			};
			buildConfigurationList = 6FDC3A162F914D000A1D9A1 /* Build configuration list for PBXProject "InteractiveReader" */;
			compatibilityVersion = "Xcode 15.0";
			developmentRegion = en;
			hasScannedForEncodings = 0;
			knownRegions = (
				en,
				Base,
			);
			mainGroup = 6FDC3A012F914D000A1D9A1;
			productRefGroup = 6FDC3A022F914D000A1D9A1 /* Products */;
			projectDirPath = "";
			projectRoot = "";
			targets = (
				6FDC3A102F914D000A1D9A1 /* InteractiveReader */,
				5FBFACE368BC4A83A49DBC15 /* InteractiveReaderTV */,
			);
		};
/* End PBXProject section */

/* Begin PBXResourcesBuildPhase section */
		6FDC3A132F914D000A1D9A1 /* Resources */ = {
			isa = PBXResourcesBuildPhase;
			buildActionMask = 2147483647;
			files = (
				6FDC3A3A02F914D000A1D9A1 /* Preview Assets.xcassets in Resources */,
				6FDC3A3902F914D000A1D9A1 /* Assets-iOS.xcassets in Resources */,
			);
			runOnlyForDeploymentPostprocessing = 0;
		};
		7E37B4046D1B4F6BAE8EF948 /* Resources */ = {
			isa = PBXResourcesBuildPhase;
			buildActionMask = 2147483647;
			files = (
				1798B1682EF9F1A00092A8AF /* Preview Assets.xcassets in Resources */,
				1798B1692EF9F1A00092A8AF /* Assets-tvOS.xcassets in Resources */,
			);
			runOnlyForDeploymentPostprocessing = 0;
		};
/* End PBXResourcesBuildPhase section */

/* Begin PBXSourcesBuildPhase section */
		6FDC3A112F914D000A1D9A1 /* Sources */ = {
			isa = PBXSourcesBuildPhase;
			buildActionMask = 2147483647;
			files = (
				6FDC3A3602F914D000A1D9A1 /* AudioPlayerCoordinator.swift in Sources */,
				6FDC3A3102F914D000A1D9A1 /* JobLoaderView.swift in Sources */,
				6FDC3A3502F914D000A1D9A1 /* APIClient.swift in Sources */,
				6FDC3A3302F914D000A1D9A1 /* InteractivePlayerViewModel.swift in Sources */,
				C4071804A8944B53824E2B45 /* TextPlayerTimeline.swift in Sources */,
				6FDC3A3002F914D000A1D9A1 /* InteractiveReaderApp.swift in Sources */,
				33F2C40709904BACAA2E5070 /* AppState.swift in Sources */,
				D6CA6C00E95343CEAD94AEE8 /* RootView.swift in Sources */,
				3F472EF5C5D94254BB3EBC46 /* LoginView.swift in Sources */,
				1E995D494DBD48DC88CD5FCB /* LoginViewModel.swift in Sources */,
				A860F02F70BE44A5B779EE50 /* LibraryShellView.swift in Sources */,
				ED1E894786624B1EAF5ADB8F /* LibraryView.swift in Sources */,
				274889EEFEFC4A7EAB66B3D9 /* LibraryViewModel.swift in Sources */,
				533B070A4B9041978D07C7A1 /* LibraryRowView.swift in Sources */,
				E6902EDD69D94B3B85BA16D2 /* LibraryPlaybackView.swift in Sources */,
				C8D9E0F1A2B3C4D5E6F70824 /* JobPlaybackView.swift in Sources */,
				C8D9E0F1A2B3C4D5E6F70822 /* JobsView.swift in Sources */,
				C8D9E0F1A2B3C4D5E6F70823 /* JobRowView.swift in Sources */,
				C8D9E0F1A2B3C4D5E6F70821 /* JobsViewModel.swift in Sources */,
				D079469EF5C746E3929B197D /* VideoPlayerView.swift in Sources */,
				4E9A28EAACDA4C5FAC653CBF /* SubtitleOverlayView.swift in Sources */,
				F3C1A2B4D5E6F7A8B9C0D1E7 /* SubtitleVisibility.swift in Sources */,
				8E98B03FD5094BDD99935269 /* NowPlayingCoordinator.swift in Sources */,
				A5B6C7D8E9F0123456789A12 /* PlaybackResumeStore.swift in Sources */,
				B643F5DE4A944A73AA8E986E /* VideoPlayerCoordinator.swift in Sources */,
				9217A4BA1C534A748FADF81B /* MediaURLResolver.swift in Sources */,
				C8D9E0F1A2B3C4D5E6F70825 /* JSONValue+Helpers.swift in Sources */,
				C8D9E0F1A2B3C4D5E6F70826 /* PipelineJobStatus+Helpers.swift in Sources */,
				1798B16B2EFA07720092A8AF /* PlatformGroupBox.swift in Sources */,
				2CB5F4FB2432438F9366E006 /* SubtitleParser.swift in Sources */,
				F3C1A2B4D5E6F7A8B9C0D1E3 /* Color+Hex.swift in Sources */,
				6FDC3A3702F914D000A1D9A1 /* StorageResolver.swift in Sources */,
				6FDC3A3202F914D000A1D9A1 /* InteractivePlayerView.swift in Sources */,
				C0A1B2C3D4E5F60718293A4C /* PlayerChannelBugView.swift in Sources */,
				6FDC3A3402F914D000A1D9A1 /* ApiModels.swift in Sources */,
				6FDC3A3802F914D000A1D9A1 /* String+Extras.swift in Sources */,
			);
			runOnlyForDeploymentPostprocessing = 0;
		};
		CBE58951F4AB41F8BEA08E64 /* Sources */ = {
			isa = PBXSourcesBuildPhase;
			buildActionMask = 2147483647;
			files = (
				1798B1502EF9F1A00092A8AF /* AudioPlayerCoordinator.swift in Sources */,
				1798B1512EF9F1A00092A8AF /* JobLoaderView.swift in Sources */,
				1798B1522EF9F1A00092A8AF /* APIClient.swift in Sources */,
				1798B1532EF9F1A00092A8AF /* InteractivePlayerViewModel.swift in Sources */,
				F0E83C6F391E4B33886B6788 /* TextPlayerTimeline.swift in Sources */,
				1798B1542EF9F1A00092A8AF /* InteractiveReaderApp.swift in Sources */,
				1798B1552EF9F1A00092A8AF /* AppState.swift in Sources */,
				1798B1562EF9F1A00092A8AF /* RootView.swift in Sources */,
				1798B1572EF9F1A00092A8AF /* LoginView.swift in Sources */,
				1798B1582EF9F1A00092A8AF /* LoginViewModel.swift in Sources */,
				1798B1592EF9F1A00092A8AF /* LibraryShellView.swift in Sources */,
				1798B15A2EF9F1A00092A8AF /* LibraryView.swift in Sources */,
				1798B15B2EF9F1A00092A8AF /* LibraryViewModel.swift in Sources */,
				1798B15C2EF9F1A00092A8AF /* LibraryRowView.swift in Sources */,
				1798B15D2EF9F1A00092A8AF /* LibraryPlaybackView.swift in Sources */,
				C8D9E0F1A2B3C4D5E6F70834 /* JobPlaybackView.swift in Sources */,
				C8D9E0F1A2B3C4D5E6F70832 /* JobsView.swift in Sources */,
				C8D9E0F1A2B3C4D5E6F70833 /* JobRowView.swift in Sources */,
				C8D9E0F1A2B3C4D5E6F70831 /* JobsViewModel.swift in Sources */,
				1798B15E2EF9F1A00092A8AF /* VideoPlayerView.swift in Sources */,
				1798B15F2EF9F1A00092A8AF /* SubtitleOverlayView.swift in Sources */,
				F3C1A2B4D5E6F7A8B9C0D1E8 /* SubtitleVisibility.swift in Sources */,
				1798B1602EF9F1A00092A8AF /* NowPlayingCoordinator.swift in Sources */,
				A5B6C7D8E9F0123456789A13 /* PlaybackResumeStore.swift in Sources */,
				1798B1612EF9F1A00092A8AF /* VideoPlayerCoordinator.swift in Sources */,
				1798B1622EF9F1A00092A8AF /* MediaURLResolver.swift in Sources */,
				C8D9E0F1A2B3C4D5E6F70835 /* JSONValue+Helpers.swift in Sources */,
				C8D9E0F1A2B3C4D5E6F70836 /* PipelineJobStatus+Helpers.swift in Sources */,
				1798B16C2EFA07720092A8AF /* PlatformGroupBox.swift in Sources */,
				1798B1632EF9F1A00092A8AF /* SubtitleParser.swift in Sources */,
				F3C1A2B4D5E6F7A8B9C0D1E4 /* Color+Hex.swift in Sources */,
				1798B1642EF9F1A00092A8AF /* StorageResolver.swift in Sources */,
				1798B1652EF9F1A00092A8AF /* InteractivePlayerView.swift in Sources */,
				C0A1B2C3D4E5F60718293A4D /* PlayerChannelBugView.swift in Sources */,
				1798B1662EF9F1A00092A8AF /* ApiModels.swift in Sources */,
				1798B1672EF9F1A00092A8AF /* String+Extras.swift in Sources */,
			);
			runOnlyForDeploymentPostprocessing = 0;
		};
/* End PBXSourcesBuildPhase section */

/* Begin XCBuildConfiguration section */
		29B7EF61B08547088C9C574A /* Debug */ = {
			isa = XCBuildConfiguration;
			buildSettings = {
				ASSETCATALOG_COMPILER_APPICON_NAME = AppIcon;
				ASSETCATALOG_COMPILER_GLOBAL_ACCENT_COLOR_NAME = AccentColor;
				ASSETCATALOG_COMPILER_INCLUDE_ALL_APPICON_ASSETS = YES;
				CODE_SIGN_ENTITLEMENTS = InteractiveReader/Supporting/InteractiveReader.entitlements;
				CODE_SIGN_STYLE = Automatic;
				CURRENT_PROJECT_VERSION = 1;
				ENABLE_PREVIEWS = YES;
				GENERATE_INFOPLIST_FILE = NO;
				INFOPLIST_FILE = "InteractiveReader/Supporting/Info-tvOS.plist";
				INFOPLIST_KEY_CFBundleDisplayName = "Language Tools";
				INFOPLIST_KEY_LSApplicationCategoryType = "public.app-category.education";
				LD_RUNPATH_SEARCH_PATHS = (
					"$(inherited)",
					"@executable_path/Frameworks",
				);
				MARKETING_VERSION = 1.0;
				PRODUCT_BUNDLE_IDENTIFIER = com.example.InteractiveReader.tvos;
				PRODUCT_NAME = "$(TARGET_NAME)";
				SDKROOT = appletvos;
				SUPPORTED_PLATFORMS = "appletvos appletvsimulator";
				SWIFT_ACTIVE_COMPILATION_CONDITIONS = DEBUG;
				SWIFT_EMIT_LOC_STRINGS = YES;
				SWIFT_VERSION = 5.9;
				TARGETED_DEVICE_FAMILY = 3;
				TVOS_DEPLOYMENT_TARGET = 17.0;
			};
			name = Debug;
		};
		6FDC3A142F914D000A1D9A1 /* Debug */ = {
			isa = XCBuildConfiguration;
			buildSettings = {
				ASSETCATALOG_COMPILER_GENERATE_SWIFT_ASSET_SYMBOL_EXTENSIONS = YES;
				CLANG_ANALYZER_NONNULL = YES;
				CLANG_ANALYZER_NUMBER_OBJECT_CONVERSION = YES_AGGRESSIVE;
				CLANG_CXX_LANGUAGE_STANDARD = "gnu++20";
				CLANG_ENABLE_MODULES = YES;
				CLANG_ENABLE_OBJC_ARC = YES;
				CLANG_WARN_BLOCK_CAPTURE_AUTORELEASING = YES;
				CLANG_WARN_BOOL_CONVERSION = YES;
				CLANG_WARN_COMMA = YES;
				CLANG_WARN_CONSTANT_CONVERSION = YES;
				CLANG_WARN_DEPRECATED_OBJC_IMPLEMENTATIONS = YES;
				CLANG_WARN_DIRECT_OBJC_ISA_USAGE = YES_ERROR;
				CLANG_WARN_DOCUMENTATION_COMMENTS = YES;
				CLANG_WARN_EMPTY_BODY = YES;
				CLANG_WARN_ENUM_CONVERSION = YES;
				CLANG_WARN_INFINITE_RECURSION = YES;
				CLANG_WARN_INT_CONVERSION = YES;
				CLANG_WARN_NON_LITERAL_NULL_CONVERSION = YES;
				CLANG_WARN_OBJC_IMPLICIT_RETAIN_SELF = YES;
				CLANG_WARN_OBJC_LITERAL_CONVERSION = YES;
				CLANG_WARN_QUOTED_INCLUDE_IN_FRAMEWORK_HEADER = YES;
				CLANG_WARN_RANGE_LOOP_ANALYSIS = YES;
				CLANG_WARN_STRICT_PROTOTYPES = YES;
				CLANG_WARN_SUSPICIOUS_MOVE = YES;
				CLANG_WARN_UNGUARDED_AVAILABILITY = YES_AGGRESSIVE;
				CLANG_WARN_UNREACHABLE_CODE = YES;
				CLANG_WARN__DUPLICATE_METHOD_MATCH = YES;
				COPY_PHASE_STRIP = NO;
				DEBUG_INFORMATION_FORMAT = dwarf;
				DEVELOPMENT_TEAM = 3Y7288895K;
				ENABLE_PREVIEWS = YES;
				ENABLE_STRICT_OBJC_MSGSEND = YES;
				ENABLE_TESTABILITY = YES;
				ENABLE_USER_SCRIPT_SANDBOXING = YES;
				GCC_C_LANGUAGE_STANDARD = gnu11;
				GCC_DYNAMIC_NO_PIC = NO;
				GCC_NO_COMMON_BLOCKS = YES;
				GCC_OPTIMIZATION_LEVEL = 0;
				GCC_PREPROCESSOR_DEFINITIONS = (
					"DEBUG=1",
					"$(inherited)",
				);
				GCC_WARN_64_TO_32_BIT_CONVERSION = YES;
				GCC_WARN_ABOUT_RETURN_TYPE = YES_ERROR;
				GCC_WARN_UNDECLARED_SELECTOR = YES;
				GCC_WARN_UNINITIALIZED_AUTOS = YES_AGGRESSIVE;
				GCC_WARN_UNUSED_FUNCTION = YES;
				GCC_WARN_UNUSED_VARIABLE = YES;
				IPHONEOS_DEPLOYMENT_TARGET = 17.0;
				MTL_ENABLE_DEBUG_INFO = INCLUDE_SOURCE;
				MTL_FAST_MATH = YES;
				ONLY_ACTIVE_ARCH = YES;
				SDKROOT = iphoneos;
				STRING_CATALOG_GENERATE_SYMBOLS = YES;
				SWIFT_OPTIMIZATION_LEVEL = "-Onone";
			};
			name = Debug;
		};
		6FDC3A152F914D000A1D9A1 /* Release */ = {
			isa = XCBuildConfiguration;
			buildSettings = {
				ASSETCATALOG_COMPILER_GENERATE_SWIFT_ASSET_SYMBOL_EXTENSIONS = YES;
				CLANG_ANALYZER_NONNULL = YES;
				CLANG_ANALYZER_NUMBER_OBJECT_CONVERSION = YES_AGGRESSIVE;
				CLANG_CXX_LANGUAGE_STANDARD = "gnu++20";
				CLANG_ENABLE_MODULES = YES;
				CLANG_ENABLE_OBJC_ARC = YES;
				CLANG_WARN_BLOCK_CAPTURE_AUTORELEASING = YES;
				CLANG_WARN_BOOL_CONVERSION = YES;
				CLANG_WARN_COMMA = YES;
				CLANG_WARN_CONSTANT_CONVERSION = YES;
				CLANG_WARN_DEPRECATED_OBJC_IMPLEMENTATIONS = YES;
				CLANG_WARN_DIRECT_OBJC_ISA_USAGE = YES_ERROR;
				CLANG_WARN_DOCUMENTATION_COMMENTS = YES;
				CLANG_WARN_EMPTY_BODY = YES;
				CLANG_WARN_ENUM_CONVERSION = YES;
				CLANG_WARN_INFINITE_RECURSION = YES;
				CLANG_WARN_INT_CONVERSION = YES;
				CLANG_WARN_NON_LITERAL_NULL_CONVERSION = YES;
				CLANG_WARN_OBJC_IMPLICIT_RETAIN_SELF = YES;
				CLANG_WARN_OBJC_LITERAL_CONVERSION = YES;
				CLANG_WARN_QUOTED_INCLUDE_IN_FRAMEWORK_HEADER = YES;
				CLANG_WARN_RANGE_LOOP_ANALYSIS = YES;
				CLANG_WARN_STRICT_PROTOTYPES = YES;
				CLANG_WARN_SUSPICIOUS_MOVE = YES;
				CLANG_WARN_UNGUARDED_AVAILABILITY = YES_AGGRESSIVE;
				CLANG_WARN_UNREACHABLE_CODE = YES;
				CLANG_WARN__DUPLICATE_METHOD_MATCH = YES;
				COPY_PHASE_STRIP = YES;
				DEBUG_INFORMATION_FORMAT = "dwarf-with-dsym";
				DEVELOPMENT_TEAM = 3Y7288895K;
				ENABLE_NS_ASSERTIONS = NO;
				ENABLE_PREVIEWS = YES;
				ENABLE_STRICT_OBJC_MSGSEND = YES;
				ENABLE_USER_SCRIPT_SANDBOXING = YES;
				GCC_C_LANGUAGE_STANDARD = gnu11;
				GCC_NO_COMMON_BLOCKS = YES;
				GCC_WARN_64_TO_32_BIT_CONVERSION = YES;
				GCC_WARN_ABOUT_RETURN_TYPE = YES_ERROR;
				GCC_WARN_UNDECLARED_SELECTOR = YES;
				GCC_WARN_UNINITIALIZED_AUTOS = YES_AGGRESSIVE;
				GCC_WARN_UNUSED_FUNCTION = YES;
				GCC_WARN_UNUSED_VARIABLE = YES;
				IPHONEOS_DEPLOYMENT_TARGET = 17.0;
				MTL_ENABLE_DEBUG_INFO = NO;
				MTL_FAST_MATH = YES;
				SDKROOT = iphoneos;
				STRING_CATALOG_GENERATE_SYMBOLS = YES;
				SWIFT_COMPILATION_MODE = wholemodule;
				SWIFT_OPTIMIZATION_LEVEL = "-O";
			};
			name = Release;
		};
		6FDC3A172F914D000A1D9A1 /* Debug */ = {
			isa = XCBuildConfiguration;
			buildSettings = {
				ASSETCATALOG_COMPILER_APPICON_NAME = AppIcon;
				ASSETCATALOG_COMPILER_GLOBAL_ACCENT_COLOR_NAME = AccentColor;
				CODE_SIGN_ENTITLEMENTS = InteractiveReader/Supporting/InteractiveReader.entitlements;
				CODE_SIGN_STYLE = Automatic;
				CURRENT_PROJECT_VERSION = 1;
				ENABLE_PREVIEWS = YES;
				GENERATE_INFOPLIST_FILE = NO;
				INFOPLIST_FILE = InteractiveReader/Supporting/Info.plist;
				IPHONEOS_DEPLOYMENT_TARGET = 17.0;
				LD_RUNPATH_SEARCH_PATHS = (
					"$(inherited)",
					"@executable_path/Frameworks",
				);
				MARKETING_VERSION = 1.0;
				PRODUCT_BUNDLE_IDENTIFIER = com.example.InteractiveReader;
				PRODUCT_NAME = "$(TARGET_NAME)";
				SUPPORTS_MAC_DESIGNED_FOR_IPHONE = YES;
				SWIFT_ACTIVE_COMPILATION_CONDITIONS = DEBUG;
				SWIFT_EMIT_LOC_STRINGS = YES;
				SWIFT_VERSION = 5.9;
				TARGETED_DEVICE_FAMILY = "1,2";
			};
			name = Debug;
		};
		6FDC3A182F914D000A1D9A1 /* Release */ = {
			isa = XCBuildConfiguration;
			buildSettings = {
				ASSETCATALOG_COMPILER_APPICON_NAME = AppIcon;
				ASSETCATALOG_COMPILER_GLOBAL_ACCENT_COLOR_NAME = AccentColor;
				CODE_SIGN_ENTITLEMENTS = InteractiveReader/Supporting/InteractiveReader.entitlements;
				CODE_SIGN_STYLE = Automatic;
				CURRENT_PROJECT_VERSION = 1;
				ENABLE_PREVIEWS = YES;
				GENERATE_INFOPLIST_FILE = NO;
				INFOPLIST_FILE = InteractiveReader/Supporting/Info.plist;
				IPHONEOS_DEPLOYMENT_TARGET = 17.0;
				LD_RUNPATH_SEARCH_PATHS = (
					"$(inherited)",
					"@executable_path/Frameworks",
				);
				MARKETING_VERSION = 1.0;
				PRODUCT_BUNDLE_IDENTIFIER = com.example.InteractiveReader;
				PRODUCT_NAME = "$(TARGET_NAME)";
				SUPPORTS_MAC_DESIGNED_FOR_IPHONE = YES;
				SWIFT_EMIT_LOC_STRINGS = YES;
				SWIFT_VERSION = 5.9;
				TARGETED_DEVICE_FAMILY = "1,2";
			};
			name = Release;
		};
		796ADFC1C1EE475193D99E12 /* Release */ = {
			isa = XCBuildConfiguration;
			buildSettings = {
				ASSETCATALOG_COMPILER_APPICON_NAME = AppIcon;
				ASSETCATALOG_COMPILER_GLOBAL_ACCENT_COLOR_NAME = AccentColor;
				ASSETCATALOG_COMPILER_INCLUDE_ALL_APPICON_ASSETS = YES;
				CODE_SIGN_ENTITLEMENTS = InteractiveReader/Supporting/InteractiveReader.entitlements;
				CODE_SIGN_STYLE = Automatic;
				CURRENT_PROJECT_VERSION = 1;
				ENABLE_PREVIEWS = YES;
				GENERATE_INFOPLIST_FILE = NO;
				INFOPLIST_FILE = "InteractiveReader/Supporting/Info-tvOS.plist";
				INFOPLIST_KEY_CFBundleDisplayName = "Language Tools";
				INFOPLIST_KEY_LSApplicationCategoryType = "public.app-category.education";
				LD_RUNPATH_SEARCH_PATHS = (
					"$(inherited)",
					"@executable_path/Frameworks",
				);
				MARKETING_VERSION = 1.0;
				PRODUCT_BUNDLE_IDENTIFIER = com.example.InteractiveReader.tvos;
				PRODUCT_NAME = "$(TARGET_NAME)";
				SDKROOT = appletvos;
				SUPPORTED_PLATFORMS = "appletvos appletvsimulator";
				SWIFT_EMIT_LOC_STRINGS = YES;
				SWIFT_VERSION = 5.9;
				TARGETED_DEVICE_FAMILY = 3;
				TVOS_DEPLOYMENT_TARGET = 17.0;
			};
			name = Release;
		};
/* End XCBuildConfiguration section */

/* Begin XCConfigurationList section */
		6FDC3A162F914D000A1D9A1 /* Build configuration list for PBXProject "InteractiveReader" */ = {
			isa = XCConfigurationList;
			buildConfigurations = (
				6FDC3A142F914D000A1D9A1 /* Debug */,
				6FDC3A152F914D000A1D9A1 /* Release */,
			);
			defaultConfigurationIsVisible = 0;
			defaultConfigurationName = Debug;
		};
		6FDC3A192F914D000A1D9A1 /* Build configuration list for PBXNativeTarget "InteractiveReader" */ = {
			isa = XCConfigurationList;
			buildConfigurations = (
				6FDC3A172F914D000A1D9A1 /* Debug */,
				6FDC3A182F914D000A1D9A1 /* Release */,
			);
			defaultConfigurationIsVisible = 0;
			defaultConfigurationName = Debug;
		};
		E63B23927EDF440AAC5B54F8 /* Build configuration list for PBXNativeTarget "InteractiveReaderTV" */ = {
			isa = XCConfigurationList;
			buildConfigurations = (
				29B7EF61B08547088C9C574A /* Debug */,
				796ADFC1C1EE475193D99E12 /* Release */,
			);
			defaultConfigurationIsVisible = 0;
			defaultConfigurationName = Debug;
		};
/* End XCConfigurationList section */
	};
	rootObject = 6FDC3A002F914D000A1D9A1 /* Project object */;
}
